// !$*UTF8*$!
{
	archiveVersion = 1;
	classes = {
	};
	objectVersion = 77;
	objects = {

/* Begin PBXBuildFile section */
		BF646E092CFB146500DD54A8 /* Preview Assets.xcassets in Resources */ = {isa = PBXBuildFile; fileRef = BF646E032CFB146500DD54A8 /* Preview Assets.xcassets */; };
		BF646E0A2CFB146500DD54A8 /* Assets.xcassets in Resources */ = {isa = PBXBuildFile; fileRef = BF646E062CFB146500DD54A8 /* Assets.xcassets */; };
		BF646E0B2CFB146500DD54A8 /* AddingGameApp.swift in Sources */ = {isa = PBXBuildFile; fileRef = BF646E052CFB146500DD54A8 /* AddingGameApp.swift */; };
		BF646E0C2CFB146500DD54A8 /* MainView.swift in Sources */ = {isa = PBXBuildFile; fileRef = BF646E072CFB146500DD54A8 /* MainView.swift */; };
		BF646E152CFB179A00DD54A8 /* ImageConstants.swift in Sources */ = {isa = PBXBuildFile; fileRef = BF646E142CFB179A00DD54A8 /* ImageConstants.swift */; };
		BF646E172CFB193200DD54A8 /* TestLocalizeView.swift in Sources */ = {isa = PBXBuildFile; fileRef = BF646E162CFB193200DD54A8 /* TestLocalizeView.swift */; };
		BF646E1A2CFB1C3000DD54A8 /* Localizable.strings in Resources */ = {isa = PBXBuildFile; fileRef = BF646E182CFB1C3000DD54A8 /* Localizable.strings */; };
		BF646E212CFB262700DD54A8 /* HighScoresDataModel.xcdatamodeld in Sources */ = {isa = PBXBuildFile; fileRef = BF646E1F2CFB262700DD54A8 /* HighScoresDataModel.xcdatamodeld */; };
		BF646E232CFB273800DD54A8 /* HighScoreViewModel.swift in Sources */ = {isa = PBXBuildFile; fileRef = BF646E222CFB273800DD54A8 /* HighScoreViewModel.swift */; };
		BFE88A742CFC1614002AEED8 /* ProblemModel.swift in Sources */ = {isa = PBXBuildFile; fileRef = BFE88A732CFC1614002AEED8 /* ProblemModel.swift */; };
		BFE88A762CFC1AD2002AEED8 /* GameModel.swift in Sources */ = {isa = PBXBuildFile; fileRef = BFE88A752CFC1AD2002AEED8 /* GameModel.swift */; };
		BFE88A782CFC1CC2002AEED8 /* AddingGameViewModel.swift in Sources */ = {isa = PBXBuildFile; fileRef = BFE88A772CFC1CC2002AEED8 /* AddingGameViewModel.swift */; };
		BFE88A7B2CFC2BC7002AEED8 /* BackgroundView.swift in Sources */ = {isa = PBXBuildFile; fileRef = BFE88A7A2CFC2BC7002AEED8 /* BackgroundView.swift */; };
		BFE88A7F2CFC2D59002AEED8 /* AddingGameView.swift in Sources */ = {isa = PBXBuildFile; fileRef = BFE88A7E2CFC2D59002AEED8 /* AddingGameView.swift */; };
		BFE88A812CFC2DB3002AEED8 /* HighScoreView.swift in Sources */ = {isa = PBXBuildFile; fileRef = BFE88A802CFC2DB3002AEED8 /* HighScoreView.swift */; };
		BFE88A832CFC327C002AEED8 /* ScoreLivesView.swift in Sources */ = {isa = PBXBuildFile; fileRef = BFE88A822CFC327C002AEED8 /* ScoreLivesView.swift */; };
		BFE88A852CFC3464002AEED8 /* TitleValueView.swift in Sources */ = {isa = PBXBuildFile; fileRef = BFE88A842CFC3464002AEED8 /* TitleValueView.swift */; };
		BFE88A872CFC356A002AEED8 /* LivesView.swift in Sources */ = {isa = PBXBuildFile; fileRef = BFE88A862CFC356A002AEED8 /* LivesView.swift */; };
		BFE88A892CFC39E1002AEED8 /* BubbleView.swift in Sources */ = {isa = PBXBuildFile; fileRef = BFE88A882CFC39E1002AEED8 /* BubbleView.swift */; };
		BFE88A8B2CFC3EF9002AEED8 /* ChoicesView.swift in Sources */ = {isa = PBXBuildFile; fileRef = BFE88A8A2CFC3EF9002AEED8 /* ChoicesView.swift */; };
		BFE88A8D2CFC47F4002AEED8 /* GameOverView.swift in Sources */ = {isa = PBXBuildFile; fileRef = BFE88A8C2CFC47F4002AEED8 /* GameOverView.swift */; };
/* End PBXBuildFile section */

/* Begin PBXFileReference section */
		BF646DF22CFB142400DD54A8 /* AddingGame.app */ = {isa = PBXFileReference; explicitFileType = wrapper.application; includeInIndex = 0; path = AddingGame.app; sourceTree = BUILT_PRODUCTS_DIR; };
		BF646E032CFB146500DD54A8 /* Preview Assets.xcassets */ = {isa = PBXFileReference; lastKnownFileType = folder.assetcatalog; path = "Preview Assets.xcassets"; sourceTree = "<group>"; };
		BF646E052CFB146500DD54A8 /* AddingGameApp.swift */ = {isa = PBXFileReference; lastKnownFileType = sourcecode.swift; path = AddingGameApp.swift; sourceTree = "<group>"; };
		BF646E062CFB146500DD54A8 /* Assets.xcassets */ = {isa = PBXFileReference; lastKnownFileType = folder.assetcatalog; path = Assets.xcassets; sourceTree = "<group>"; };
		BF646E072CFB146500DD54A8 /* MainView.swift */ = {isa = PBXFileReference; lastKnownFileType = sourcecode.swift; path = MainView.swift; sourceTree = "<group>"; };
		BF646E142CFB179A00DD54A8 /* ImageConstants.swift */ = {isa = PBXFileReference; lastKnownFileType = sourcecode.swift; path = ImageConstants.swift; sourceTree = "<group>"; };
		BF646E162CFB193200DD54A8 /* TestLocalizeView.swift */ = {isa = PBXFileReference; lastKnownFileType = sourcecode.swift; path = TestLocalizeView.swift; sourceTree = "<group>"; };
		BF646E192CFB1C3000DD54A8 /* en */ = {isa = PBXFileReference; lastKnownFileType = text.plist.strings; name = en; path = en.lproj/Localizable.strings; sourceTree = "<group>"; };
		BF646E1B2CFB1CDF00DD54A8 /* fr */ = {isa = PBXFileReference; lastKnownFileType = text.plist.strings; name = fr; path = fr.lproj/Localizable.strings; sourceTree = "<group>"; };
		BF646E1C2CFB1CE000DD54A8 /* de */ = {isa = PBXFileReference; lastKnownFileType = text.plist.strings; name = de; path = de.lproj/Localizable.strings; sourceTree = "<group>"; };
		BF646E1D2CFB1CE100DD54A8 /* es */ = {isa = PBXFileReference; lastKnownFileType = text.plist.strings; name = es; path = es.lproj/Localizable.strings; sourceTree = "<group>"; };
		BF646E1E2CFB213200DD54A8 /* ar */ = {isa = PBXFileReference; lastKnownFileType = text.plist.strings; name = ar; path = ar.lproj/Localizable.strings; sourceTree = "<group>"; };
		BF646E202CFB262700DD54A8 /* HighScoresDataModel.xcdatamodel */ = {isa = PBXFileReference; lastKnownFileType = wrapper.xcdatamodel; path = HighScoresDataModel.xcdatamodel; sourceTree = "<group>"; };
		BF646E222CFB273800DD54A8 /* HighScoreViewModel.swift */ = {isa = PBXFileReference; lastKnownFileType = sourcecode.swift; path = HighScoreViewModel.swift; sourceTree = "<group>"; };
		BFE88A732CFC1614002AEED8 /* ProblemModel.swift */ = {isa = PBXFileReference; lastKnownFileType = sourcecode.swift; path = ProblemModel.swift; sourceTree = "<group>"; };
		BFE88A752CFC1AD2002AEED8 /* GameModel.swift */ = {isa = PBXFileReference; lastKnownFileType = sourcecode.swift; path = GameModel.swift; sourceTree = "<group>"; };
		BFE88A772CFC1CC2002AEED8 /* AddingGameViewModel.swift */ = {isa = PBXFileReference; lastKnownFileType = sourcecode.swift; path = AddingGameViewModel.swift; sourceTree = "<group>"; };
		BFE88A7A2CFC2BC7002AEED8 /* BackgroundView.swift */ = {isa = PBXFileReference; lastKnownFileType = sourcecode.swift; path = BackgroundView.swift; sourceTree = "<group>"; };
		BFE88A7E2CFC2D59002AEED8 /* AddingGameView.swift */ = {isa = PBXFileReference; lastKnownFileType = sourcecode.swift; path = AddingGameView.swift; sourceTree = "<group>"; };
		BFE88A802CFC2DB3002AEED8 /* HighScoreView.swift */ = {isa = PBXFileReference; lastKnownFileType = sourcecode.swift; path = HighScoreView.swift; sourceTree = "<group>"; };
		BFE88A822CFC327C002AEED8 /* ScoreLivesView.swift */ = {isa = PBXFileReference; lastKnownFileType = sourcecode.swift; path = ScoreLivesView.swift; sourceTree = "<group>"; };
		BFE88A842CFC3464002AEED8 /* TitleValueView.swift */ = {isa = PBXFileReference; lastKnownFileType = sourcecode.swift; path = TitleValueView.swift; sourceTree = "<group>"; };
		BFE88A862CFC356A002AEED8 /* LivesView.swift */ = {isa = PBXFileReference; lastKnownFileType = sourcecode.swift; path = LivesView.swift; sourceTree = "<group>"; };
		BFE88A882CFC39E1002AEED8 /* BubbleView.swift */ = {isa = PBXFileReference; lastKnownFileType = sourcecode.swift; path = BubbleView.swift; sourceTree = "<group>"; };
		BFE88A8A2CFC3EF9002AEED8 /* ChoicesView.swift */ = {isa = PBXFileReference; lastKnownFileType = sourcecode.swift; path = ChoicesView.swift; sourceTree = "<group>"; };
		BFE88A8C2CFC47F4002AEED8 /* GameOverView.swift */ = {isa = PBXFileReference; lastKnownFileType = sourcecode.swift; path = GameOverView.swift; sourceTree = "<group>"; };
/* End PBXFileReference section */

/* Begin PBXFrameworksBuildPhase section */
		BF646DEF2CFB142400DD54A8 /* Frameworks */ = {
			isa = PBXFrameworksBuildPhase;
			buildActionMask = 2147483647;
			files = (
			);
			runOnlyForDeploymentPostprocessing = 0;
		};
/* End PBXFrameworksBuildPhase section */

/* Begin PBXGroup section */
		BF646DE92CFB142400DD54A8 = {
			isa = PBXGroup;
			children = (
				BF646E082CFB146500DD54A8 /* AddingGame */,
				BF646DF32CFB142400DD54A8 /* Products */,
			);
			sourceTree = "<group>";
		};
		BF646DF32CFB142400DD54A8 /* Products */ = {
			isa = PBXGroup;
			children = (
				BF646DF22CFB142400DD54A8 /* AddingGame.app */,
			);
			name = Products;
			sourceTree = "<group>";
		};
		BF646E042CFB146500DD54A8 /* Preview Content */ = {
			isa = PBXGroup;
			children = (
				BF646E032CFB146500DD54A8 /* Preview Assets.xcassets */,
			);
			path = "Preview Content";
			sourceTree = "<group>";
		};
		BF646E082CFB146500DD54A8 /* AddingGame */ = {
			isa = PBXGroup;
			children = (
				BF646E112CFB15CD00DD54A8 /* Constants */,
				BF646E102CFB15C400DD54A8 /* Extension */,
				BF646E0F2CFB15BE00DD54A8 /* Model */,
				BF646E0E2CFB15B700DD54A8 /* ViewModel */,
				BF646E0D2CFB15AA00DD54A8 /* View */,
				BF646E052CFB146500DD54A8 /* AddingGameApp.swift */,
				BF646E062CFB146500DD54A8 /* Assets.xcassets */,
				BF646E042CFB146500DD54A8 /* Preview Content */,
			);
			path = AddingGame;
			sourceTree = "<group>";
		};
		BF646E0D2CFB15AA00DD54A8 /* View */ = {
			isa = PBXGroup;
			children = (
				BFE88A792CFC2BA2002AEED8 /* Background View */,
				BF646E132CFB161600DD54A8 /* High Score View */,
				BF646E122CFB160400DD54A8 /* Adding Game View */,
				BF646E072CFB146500DD54A8 /* MainView.swift */,
				BF646E162CFB193200DD54A8 /* TestLocalizeView.swift */,
			);
			path = View;
			sourceTree = "<group>";
		};
		BF646E0E2CFB15B700DD54A8 /* ViewModel */ = {
			isa = PBXGroup;
			children = (
				BF646E222CFB273800DD54A8 /* HighScoreViewModel.swift */,
				BFE88A772CFC1CC2002AEED8 /* AddingGameViewModel.swift */,
			);
			path = ViewModel;
			sourceTree = "<group>";
		};
		BF646E0F2CFB15BE00DD54A8 /* Model */ = {
			isa = PBXGroup;
			children = (
				BF646E1F2CFB262700DD54A8 /* HighScoresDataModel.xcdatamodeld */,
				BFE88A732CFC1614002AEED8 /* ProblemModel.swift */,
				BFE88A752CFC1AD2002AEED8 /* GameModel.swift */,
			);
			path = Model;
			sourceTree = "<group>";
		};
		BF646E102CFB15C400DD54A8 /* Extension */ = {
			isa = PBXGroup;
			children = (
			);
			path = Extension;
			sourceTree = "<group>";
		};
		BF646E112CFB15CD00DD54A8 /* Constants */ = {
			isa = PBXGroup;
			children = (
				BF646E142CFB179A00DD54A8 /* ImageConstants.swift */,
				BF646E182CFB1C3000DD54A8 /* Localizable.strings */,
			);
			path = Constants;
			sourceTree = "<group>";
		};
		BF646E122CFB160400DD54A8 /* Adding Game View */ = {
			isa = PBXGroup;
			children = (
				BFE88A7E2CFC2D59002AEED8 /* AddingGameView.swift */,
				BFE88A822CFC327C002AEED8 /* ScoreLivesView.swift */,
				BFE88A842CFC3464002AEED8 /* TitleValueView.swift */,
				BFE88A862CFC356A002AEED8 /* LivesView.swift */,
				BFE88A882CFC39E1002AEED8 /* BubbleView.swift */,
				BFE88A8A2CFC3EF9002AEED8 /* ChoicesView.swift */,
				BFE88A8C2CFC47F4002AEED8 /* GameOverView.swift */,
			);
			path = "Adding Game View";
			sourceTree = "<group>";
		};
		BF646E132CFB161600DD54A8 /* High Score View */ = {
			isa = PBXGroup;
			children = (
				BFE88A802CFC2DB3002AEED8 /* HighScoreView.swift */,
			);
			path = "High Score View";
			sourceTree = "<group>";
		};
		BFE88A792CFC2BA2002AEED8 /* Background View */ = {
			isa = PBXGroup;
			children = (
				BFE88A7A2CFC2BC7002AEED8 /* BackgroundView.swift */,
			);
			path = "Background View";
			sourceTree = "<group>";
		};
/* End PBXGroup section */

/* Begin PBXNativeTarget section */
		BF646DF12CFB142400DD54A8 /* AddingGame */ = {
			isa = PBXNativeTarget;
			buildConfigurationList = BF646E002CFB142500DD54A8 /* Build configuration list for PBXNativeTarget "AddingGame" */;
			buildPhases = (
				BF646DEE2CFB142400DD54A8 /* Sources */,
				BF646DEF2CFB142400DD54A8 /* Frameworks */,
				BF646DF02CFB142400DD54A8 /* Resources */,
			);
			buildRules = (
			);
			dependencies = (
			);
			name = AddingGame;
			packageProductDependencies = (
			);
			productName = AddingGame;
			productReference = BF646DF22CFB142400DD54A8 /* AddingGame.app */;
			productType = "com.apple.product-type.application";
		};
/* End PBXNativeTarget section */

/* Begin PBXProject section */
		BF646DEA2CFB142400DD54A8 /* Project object */ = {
			isa = PBXProject;
			attributes = {
				BuildIndependentTargetsInParallel = 1;
				LastSwiftUpdateCheck = 1610;
				LastUpgradeCheck = 1610;
				TargetAttributes = {
					BF646DF12CFB142400DD54A8 = {
						CreatedOnToolsVersion = 16.1;
					};
				};
			};
			buildConfigurationList = BF646DED2CFB142400DD54A8 /* Build configuration list for PBXProject "AddingGame" */;
			developmentRegion = en;
			hasScannedForEncodings = 0;
			knownRegions = (
				en,
				Base,
				es,
				fr,
				de,
				ar,
			);
			mainGroup = BF646DE92CFB142400DD54A8;
			minimizedProjectReferenceProxies = 1;
			preferredProjectObjectVersion = 77;
			productRefGroup = BF646DF32CFB142400DD54A8 /* Products */;
			projectDirPath = "";
			projectRoot = "";
			targets = (
				BF646DF12CFB142400DD54A8 /* AddingGame */,
			);
		};
/* End PBXProject section */

/* Begin PBXResourcesBuildPhase section */
		BF646DF02CFB142400DD54A8 /* Resources */ = {
			isa = PBXResourcesBuildPhase;
			buildActionMask = 2147483647;
			files = (
				BF646E092CFB146500DD54A8 /* Preview Assets.xcassets in Resources */,
				BF646E1A2CFB1C3000DD54A8 /* Localizable.strings in Resources */,
				BF646E0A2CFB146500DD54A8 /* Assets.xcassets in Resources */,
			);
			runOnlyForDeploymentPostprocessing = 0;
		};
/* End PBXResourcesBuildPhase section */

/* Begin PBXSourcesBuildPhase section */
		BF646DEE2CFB142400DD54A8 /* Sources */ = {
			isa = PBXSourcesBuildPhase;
			buildActionMask = 2147483647;
			files = (
				BFE88A8B2CFC3EF9002AEED8 /* ChoicesView.swift in Sources */,
				BFE88A7B2CFC2BC7002AEED8 /* BackgroundView.swift in Sources */,
				BF646E0B2CFB146500DD54A8 /* AddingGameApp.swift in Sources */,
				BFE88A892CFC39E1002AEED8 /* BubbleView.swift in Sources */,
				BFE88A872CFC356A002AEED8 /* LivesView.swift in Sources */,
				BFE88A742CFC1614002AEED8 /* ProblemModel.swift in Sources */,
				BFE88A852CFC3464002AEED8 /* TitleValueView.swift in Sources */,
				BFE88A832CFC327C002AEED8 /* ScoreLivesView.swift in Sources */,
				BF646E212CFB262700DD54A8 /* HighScoresDataModel.xcdatamodeld in Sources */,
				BFE88A7F2CFC2D59002AEED8 /* AddingGameView.swift in Sources */,
				BF646E152CFB179A00DD54A8 /* ImageConstants.swift in Sources */,
				BFE88A782CFC1CC2002AEED8 /* AddingGameViewModel.swift in Sources */,
				BF646E0C2CFB146500DD54A8 /* MainView.swift in Sources */,
				BFE88A762CFC1AD2002AEED8 /* GameModel.swift in Sources */,
				BFE88A812CFC2DB3002AEED8 /* HighScoreView.swift in Sources */,
				BF646E172CFB193200DD54A8 /* TestLocalizeView.swift in Sources */,
				BFE88A8D2CFC47F4002AEED8 /* GameOverView.swift in Sources */,
				BF646E232CFB273800DD54A8 /* HighScoreViewModel.swift in Sources */,
			);
			runOnlyForDeploymentPostprocessing = 0;
		};
/* End PBXSourcesBuildPhase section */

/* Begin PBXVariantGroup section */
		BF646E182CFB1C3000DD54A8 /* Localizable.strings */ = {
			isa = PBXVariantGroup;
			children = (
				BF646E192CFB1C3000DD54A8 /* en */,
				BF646E1B2CFB1CDF00DD54A8 /* fr */,
				BF646E1C2CFB1CE000DD54A8 /* de */,
				BF646E1D2CFB1CE100DD54A8 /* es */,
				BF646E1E2CFB213200DD54A8 /* ar */,
			);
			name = Localizable.strings;
			sourceTree = "<group>";
		};
/* End PBXVariantGroup section */

/* Begin XCBuildConfiguration section */
		BF646DFE2CFB142500DD54A8 /* Debug */ = {
			isa = XCBuildConfiguration;
			buildSettings = {
				ALWAYS_SEARCH_USER_PATHS = NO;
				ASSETCATALOG_COMPILER_GENERATE_SWIFT_ASSET_SYMBOL_EXTENSIONS = YES;
				CLANG_ANALYZER_NONNULL = YES;
				CLANG_ANALYZER_NUMBER_OBJECT_CONVERSION = YES_AGGRESSIVE;
				CLANG_CXX_LANGUAGE_STANDARD = "gnu++20";
				CLANG_ENABLE_MODULES = YES;
				CLANG_ENABLE_OBJC_ARC = YES;
				CLANG_ENABLE_OBJC_WEAK = YES;
				CLANG_WARN_BLOCK_CAPTURE_AUTORELEASING = YES;
				CLANG_WARN_BOOL_CONVERSION = YES;
				CLANG_WARN_COMMA = YES;
				CLANG_WARN_CONSTANT_CONVERSION = YES;
				CLANG_WARN_DEPRECATED_OBJC_IMPLEMENTATIONS = YES;
				CLANG_WARN_DIRECT_OBJC_ISA_USAGE = YES_ERROR;
				CLANG_WARN_DOCUMENTATION_COMMENTS = YES;
				CLANG_WARN_EMPTY_BODY = YES;
				CLANG_WARN_ENUM_CONVERSION = YES;
				CLANG_WARN_INFINITE_RECURSION = YES;
				CLANG_WARN_INT_CONVERSION = YES;
				CLANG_WARN_NON_LITERAL_NULL_CONVERSION = YES;
				CLANG_WARN_OBJC_IMPLICIT_RETAIN_SELF = YES;
				CLANG_WARN_OBJC_LITERAL_CONVERSION = YES;
				CLANG_WARN_OBJC_ROOT_CLASS = YES_ERROR;
				CLANG_WARN_QUOTED_INCLUDE_IN_FRAMEWORK_HEADER = YES;
				CLANG_WARN_RANGE_LOOP_ANALYSIS = YES;
				CLANG_WARN_STRICT_PROTOTYPES = YES;
				CLANG_WARN_SUSPICIOUS_MOVE = YES;
				CLANG_WARN_UNGUARDED_AVAILABILITY = YES_AGGRESSIVE;
				CLANG_WARN_UNREACHABLE_CODE = YES;
				CLANG_WARN__DUPLICATE_METHOD_MATCH = YES;
				COPY_PHASE_STRIP = NO;
				DEBUG_INFORMATION_FORMAT = dwarf;
				ENABLE_STRICT_OBJC_MSGSEND = YES;
				ENABLE_TESTABILITY = YES;
				ENABLE_USER_SCRIPT_SANDBOXING = YES;
				GCC_C_LANGUAGE_STANDARD = gnu17;
				GCC_DYNAMIC_NO_PIC = NO;
				GCC_NO_COMMON_BLOCKS = YES;
				GCC_OPTIMIZATION_LEVEL = 0;
				GCC_PREPROCESSOR_DEFINITIONS = (
					"DEBUG=1",
					"$(inherited)",
				);
				GCC_WARN_64_TO_32_BIT_CONVERSION = YES;
				GCC_WARN_ABOUT_RETURN_TYPE = YES_ERROR;
				GCC_WARN_UNDECLARED_SELECTOR = YES;
				GCC_WARN_UNINITIALIZED_AUTOS = YES_AGGRESSIVE;
				GCC_WARN_UNUSED_FUNCTION = YES;
				GCC_WARN_UNUSED_VARIABLE = YES;
				IPHONEOS_DEPLOYMENT_TARGET = 18.1;
				LOCALIZATION_PREFERS_STRING_CATALOGS = YES;
				MTL_ENABLE_DEBUG_INFO = INCLUDE_SOURCE;
				MTL_FAST_MATH = YES;
				ONLY_ACTIVE_ARCH = YES;
				SDKROOT = iphoneos;
				SWIFT_ACTIVE_COMPILATION_CONDITIONS = "DEBUG $(inherited)";
				SWIFT_OPTIMIZATION_LEVEL = "-Onone";
			};
			name = Debug;
		};
		BF646DFF2CFB142500DD54A8 /* Release */ = {
			isa = XCBuildConfiguration;
			buildSettings = {
				ALWAYS_SEARCH_USER_PATHS = NO;
				ASSETCATALOG_COMPILER_GENERATE_SWIFT_ASSET_SYMBOL_EXTENSIONS = YES;
				CLANG_ANALYZER_NONNULL = YES;
				CLANG_ANALYZER_NUMBER_OBJECT_CONVERSION = YES_AGGRESSIVE;
				CLANG_CXX_LANGUAGE_STANDARD = "gnu++20";
				CLANG_ENABLE_MODULES = YES;
				CLANG_ENABLE_OBJC_ARC = YES;
				CLANG_ENABLE_OBJC_WEAK = YES;
				CLANG_WARN_BLOCK_CAPTURE_AUTORELEASING = YES;
				CLANG_WARN_BOOL_CONVERSION = YES;
				CLANG_WARN_COMMA = YES;
				CLANG_WARN_CONSTANT_CONVERSION = YES;
				CLANG_WARN_DEPRECATED_OBJC_IMPLEMENTATIONS = YES;
				CLANG_WARN_DIRECT_OBJC_ISA_USAGE = YES_ERROR;
				CLANG_WARN_DOCUMENTATION_COMMENTS = YES;
				CLANG_WARN_EMPTY_BODY = YES;
				CLANG_WARN_ENUM_CONVERSION = YES;
				CLANG_WARN_INFINITE_RECURSION = YES;
				CLANG_WARN_INT_CONVERSION = YES;
				CLANG_WARN_NON_LITERAL_NULL_CONVERSION = YES;
				CLANG_WARN_OBJC_IMPLICIT_RETAIN_SELF = YES;
				CLANG_WARN_OBJC_LITERAL_CONVERSION = YES;
				CLANG_WARN_OBJC_ROOT_CLASS = YES_ERROR;
				CLANG_WARN_QUOTED_INCLUDE_IN_FRAMEWORK_HEADER = YES;
				CLANG_WARN_RANGE_LOOP_ANALYSIS = YES;
				CLANG_WARN_STRICT_PROTOTYPES = YES;
				CLANG_WARN_SUSPICIOUS_MOVE = YES;
				CLANG_WARN_UNGUARDED_AVAILABILITY = YES_AGGRESSIVE;
				CLANG_WARN_UNREACHABLE_CODE = YES;
				CLANG_WARN__DUPLICATE_METHOD_MATCH = YES;
				COPY_PHASE_STRIP = NO;
				DEBUG_INFORMATION_FORMAT = "dwarf-with-dsym";
				ENABLE_NS_ASSERTIONS = NO;
				ENABLE_STRICT_OBJC_MSGSEND = YES;
				ENABLE_USER_SCRIPT_SANDBOXING = YES;
				GCC_C_LANGUAGE_STANDARD = gnu17;
				GCC_NO_COMMON_BLOCKS = YES;
				GCC_WARN_64_TO_32_BIT_CONVERSION = YES;
				GCC_WARN_ABOUT_RETURN_TYPE = YES_ERROR;
				GCC_WARN_UNDECLARED_SELECTOR = YES;
				GCC_WARN_UNINITIALIZED_AUTOS = YES_AGGRESSIVE;
				GCC_WARN_UNUSED_FUNCTION = YES;
				GCC_WARN_UNUSED_VARIABLE = YES;
				IPHONEOS_DEPLOYMENT_TARGET = 18.1;
				LOCALIZATION_PREFERS_STRING_CATALOGS = YES;
				MTL_ENABLE_DEBUG_INFO = NO;
				MTL_FAST_MATH = YES;
				SDKROOT = iphoneos;
				SWIFT_COMPILATION_MODE = wholemodule;
				VALIDATE_PRODUCT = YES;
			};
			name = Release;
		};
		BF646E012CFB142500DD54A8 /* Debug */ = {
			isa = XCBuildConfiguration;
			buildSettings = {
				ASSETCATALOG_COMPILER_APPICON_NAME = AppIcon;
				ASSETCATALOG_COMPILER_GLOBAL_ACCENT_COLOR_NAME = AccentColor;
				CODE_SIGN_STYLE = Automatic;
				CURRENT_PROJECT_VERSION = 1;
				DEVELOPMENT_ASSET_PATHS = "\"AddingGame/Preview Content\"";
				DEVELOPMENT_TEAM = T9MD4URZFH;
				ENABLE_PREVIEWS = YES;
				GENERATE_INFOPLIST_FILE = YES;
				INFOPLIST_KEY_UIApplicationSceneManifest_Generation = YES;
				INFOPLIST_KEY_UIApplicationSupportsIndirectInputEvents = YES;
				INFOPLIST_KEY_UILaunchScreen_Generation = YES;
				INFOPLIST_KEY_UISupportedInterfaceOrientations_iPad = "UIInterfaceOrientationPortrait UIInterfaceOrientationPortraitUpsideDown UIInterfaceOrientationLandscapeLeft UIInterfaceOrientationLandscapeRight";
				INFOPLIST_KEY_UISupportedInterfaceOrientations_iPhone = "UIInterfaceOrientationPortrait UIInterfaceOrientationLandscapeLeft UIInterfaceOrientationLandscapeRight";
				LD_RUNPATH_SEARCH_PATHS = (
					"$(inherited)",
					"@executable_path/Frameworks",
				);
				MARKETING_VERSION = 1.0;
				PRODUCT_BUNDLE_IDENTIFIER = com.superkookai.AddingGame;
				PRODUCT_NAME = "$(TARGET_NAME)";
				SWIFT_EMIT_LOC_STRINGS = YES;
				SWIFT_VERSION = 5.0;
				TARGETED_DEVICE_FAMILY = "1,2";
			};
			name = Debug;
		};
		BF646E022CFB142500DD54A8 /* Release */ = {
			isa = XCBuildConfiguration;
			buildSettings = {
				ASSETCATALOG_COMPILER_APPICON_NAME = AppIcon;
				ASSETCATALOG_COMPILER_GLOBAL_ACCENT_COLOR_NAME = AccentColor;
				CODE_SIGN_STYLE = Automatic;
				CURRENT_PROJECT_VERSION = 1;
				DEVELOPMENT_ASSET_PATHS = "\"AddingGame/Preview Content\"";
				DEVELOPMENT_TEAM = T9MD4URZFH;
				ENABLE_PREVIEWS = YES;
				GENERATE_INFOPLIST_FILE = YES;
				INFOPLIST_KEY_UIApplicationSceneManifest_Generation = YES;
				INFOPLIST_KEY_UIApplicationSupportsIndirectInputEvents = YES;
				INFOPLIST_KEY_UILaunchScreen_Generation = YES;
				INFOPLIST_KEY_UISupportedInterfaceOrientations_iPad = "UIInterfaceOrientationPortrait UIInterfaceOrientationPortraitUpsideDown UIInterfaceOrientationLandscapeLeft UIInterfaceOrientationLandscapeRight";
				INFOPLIST_KEY_UISupportedInterfaceOrientations_iPhone = "UIInterfaceOrientationPortrait UIInterfaceOrientationLandscapeLeft UIInterfaceOrientationLandscapeRight";
				LD_RUNPATH_SEARCH_PATHS = (
					"$(inherited)",
					"@executable_path/Frameworks",
				);
				MARKETING_VERSION = 1.0;
				PRODUCT_BUNDLE_IDENTIFIER = com.superkookai.AddingGame;
				PRODUCT_NAME = "$(TARGET_NAME)";
				SWIFT_EMIT_LOC_STRINGS = YES;
				SWIFT_VERSION = 5.0;
				TARGETED_DEVICE_FAMILY = "1,2";
			};
			name = Release;
		};
/* End XCBuildConfiguration section */

/* Begin XCConfigurationList section */
		BF646DED2CFB142400DD54A8 /* Build configuration list for PBXProject "AddingGame" */ = {
			isa = XCConfigurationList;
			buildConfigurations = (
				BF646DFE2CFB142500DD54A8 /* Debug */,
				BF646DFF2CFB142500DD54A8 /* Release */,
			);
			defaultConfigurationIsVisible = 0;
			defaultConfigurationName = Release;
		};
		BF646E002CFB142500DD54A8 /* Build configuration list for PBXNativeTarget "AddingGame" */ = {
			isa = XCConfigurationList;
			buildConfigurations = (
				BF646E012CFB142500DD54A8 /* Debug */,
				BF646E022CFB142500DD54A8 /* Release */,
			);
			defaultConfigurationIsVisible = 0;
			defaultConfigurationName = Release;
		};
/* End XCConfigurationList section */

/* Begin XCVersionGroup section */
		BF646E1F2CFB262700DD54A8 /* HighScoresDataModel.xcdatamodeld */ = {
			isa = XCVersionGroup;
			children = (
				BF646E202CFB262700DD54A8 /* HighScoresDataModel.xcdatamodel */,
			);
			currentVersion = BF646E202CFB262700DD54A8 /* HighScoresDataModel.xcdatamodel */;
			path = HighScoresDataModel.xcdatamodeld;
			sourceTree = "<group>";
			versionGroupType = wrapper.xcdatamodel;
		};
/* End XCVersionGroup section */
	};
	rootObject = BF646DEA2CFB142400DD54A8 /* Project object */;
}
